
Microsoft Visual Studio Solution File, Format Version 12.00
# Visual Studio Version 17
VisualStudioVersion = 17.1.32421.90
MinimumVisualStudioVersion = 10.0.40219.1
Project("{FAE04EC0-301F-11D3-BF4B-00C04F79EFBC}") = "CollectionJson", "CollectionJson\CollectionJson.csproj", "{90705ACD-CEBA-49FE-9B5B-969D6DB23DB9}"
EndProject
Project("{FAE04EC0-301F-11D3-BF4B-00C04F79EFBC}") = "Test.CollectionJson", "Test.CollectionJson\Test.CollectionJson.csproj", "{C193FD77-8E33-456C-AA82-DF6DB9319D77}"
EndProject
Global
	GlobalSection(SolutionConfigurationPlatforms) = preSolution
		Debug|Any CPU = Debug|Any CPU
		Release|Any CPU = Release|Any CPU
	EndGlobalSection
	GlobalSection(ProjectConfigurationPlatforms) = postSolution
		{90705ACD-CEBA-49FE-9B5B-969D6DB23DB9}.Debug|Any CPU.ActiveCfg = Debug|Any CPU
		{90705ACD-CEBA-49FE-9B5B-969D6DB23DB9}.Debug|Any CPU.Build.0 = Debug|Any CPU
		{90705ACD-CEBA-49FE-9B5B-969D6DB23DB9}.Release|Any CPU.ActiveCfg = Release|Any CPU
		{90705ACD-CEBA-49FE-9B5B-969D6DB23DB9}.Release|Any CPU.Build.0 = Release|Any CPU
		{C193FD77-8E33-456C-AA82-DF6DB9319D77}.Debug|Any CPU.ActiveCfg = Debug|Any CPU
		{C193FD77-8E33-456C-AA82-DF6DB9319D77}.Debug|Any CPU.Build.0 = Debug|Any CPU
		{C193FD77-8E33-456C-AA82-DF6DB9319D77}.Release|Any CPU.ActiveCfg = Release|Any CPU
		{C193FD77-8E33-456C-AA82-DF6DB9319D77}.Release|Any CPU.Build.0 = Release|Any CPU
	EndGlobalSection
	GlobalSection(SolutionProperties) = preSolution
		HideSolutionNode = FALSE
	EndGlobalSection
	GlobalSection(ExtensibilityGlobals) = postSolution
		SolutionGuid = {E8489E99-CA3B-4776-87CA-DC0141A6DC83}
	EndGlobalSection
EndGlobal
